
Microsoft Visual Studio Solution File, Format Version 12.00
# Visual Studio 2012
Project("{FAE04EC0-301F-11D3-BF4B-00C04F79EFBC}") = "OneNorth.SocialSort", "OneNorth.SocialSort\OneNorth.SocialSort.csproj", "{94688425-A2AB-43BF-97A4-67FB5859B644}"
EndProject
Project("{FAE04EC0-301F-11D3-BF4B-00C04F79EFBC}") = "OneNorth.SocialSort.Test", "OneNorth.SocialSort.Test\OneNorth.SocialSort.Test.csproj", "{C76B8B0B-2DE2-463B-B26A-1B33DFD67669}"
	ProjectSection(ProjectDependencies) = postProject
		{94688425-A2AB-43BF-97A4-67FB5859B644} = {94688425-A2AB-43BF-97A4-67FB5859B644}
	EndProjectSection
EndProject
Global
	GlobalSection(SolutionConfigurationPlatforms) = preSolution
		Debug|Any CPU = Debug|Any CPU
		Release|Any CPU = Release|Any CPU
	EndGlobalSection
	GlobalSection(ProjectConfigurationPlatforms) = postSolution
		{94688425-A2AB-43BF-97A4-67FB5859B644}.Debug|Any CPU.ActiveCfg = Debug|Any CPU
		{94688425-A2AB-43BF-97A4-67FB5859B644}.Debug|Any CPU.Build.0 = Debug|Any CPU
		{94688425-A2AB-43BF-97A4-67FB5859B644}.Release|Any CPU.ActiveCfg = Release|Any CPU
		{94688425-A2AB-43BF-97A4-67FB5859B644}.Release|Any CPU.Build.0 = Release|Any CPU
		{C76B8B0B-2DE2-463B-B26A-1B33DFD67669}.Debug|Any CPU.ActiveCfg = Debug|Any CPU
		{C76B8B0B-2DE2-463B-B26A-1B33DFD67669}.Debug|Any CPU.Build.0 = Debug|Any CPU
		{C76B8B0B-2DE2-463B-B26A-1B33DFD67669}.Release|Any CPU.ActiveCfg = Release|Any CPU
		{C76B8B0B-2DE2-463B-B26A-1B33DFD67669}.Release|Any CPU.Build.0 = Release|Any CPU
	EndGlobalSection
	GlobalSection(SolutionProperties) = preSolution
		HideSolutionNode = FALSE
	EndGlobalSection
EndGlobal
